// !$*UTF8*$!
{
	archiveVersion = 1;
	classes = {
	};
	objectVersion = 46;
	objects = {

/* Begin PBXBuildFile section */
		D9E771B41A93D836003BE628 /* main.m in Sources */ = {isa = PBXBuildFile; fileRef = D9E771B31A93D836003BE628 /* main.m */; };
		D9E771B71A93D836003BE628 /* AppDelegate.m in Sources */ = {isa = PBXBuildFile; fileRef = D9E771B61A93D836003BE628 /* AppDelegate.m */; };
		D9E771BA1A93D836003BE628 /* ViewController.m in Sources */ = {isa = PBXBuildFile; fileRef = D9E771B91A93D836003BE628 /* ViewController.m */; };
		D9E771BD1A93D836003BE628 /* Main.storyboard in Resources */ = {isa = PBXBuildFile; fileRef = D9E771BB1A93D836003BE628 /* Main.storyboard */; };
		D9E771BF1A93D836003BE628 /* Images.xcassets in Resources */ = {isa = PBXBuildFile; fileRef = D9E771BE1A93D836003BE628 /* Images.xcassets */; };
		D9E771C21A93D836003BE628 /* LaunchScreen.xib in Resources */ = {isa = PBXBuildFile; fileRef = D9E771C01A93D836003BE628 /* LaunchScreen.xib */; };
		D9E771CE1A93D836003BE628 /* practiceTests.m in Sources */ = {isa = PBXBuildFile; fileRef = D9E771CD1A93D836003BE628 /* practiceTests.m */; };
/* End PBXBuildFile section */

/* Begin PBXContainerItemProxy section */
		D9E771C81A93D836003BE628 /* PBXContainerItemProxy */ = {
			isa = PBXContainerItemProxy;
			containerPortal = D9E771A61A93D836003BE628 /* Project object */;
			proxyType = 1;
			remoteGlobalIDString = D9E771AD1A93D836003BE628;
			remoteInfo = practice;
		};
/* End PBXContainerItemProxy section */

/* Begin PBXFileReference section */
		D9E771AE1A93D836003BE628 /* practice.app */ = {isa = PBXFileReference; explicitFileType = wrapper.application; includeInIndex = 0; path = practice.app; sourceTree = BUILT_PRODUCTS_DIR; };
		D9E771B21A93D836003BE628 /* Info.plist */ = {isa = PBXFileReference; lastKnownFileType = text.plist.xml; path = Info.plist; sourceTree = "<group>"; };
		D9E771B31A93D836003BE628 /* main.m */ = {isa = PBXFileReference; lastKnownFileType = sourcecode.c.objc; path = main.m; sourceTree = "<group>"; };
		D9E771B51A93D836003BE628 /* AppDelegate.h */ = {isa = PBXFileReference; lastKnownFileType = sourcecode.c.h; path = AppDelegate.h; sourceTree = "<group>"; };
		D9E771B61A93D836003BE628 /* AppDelegate.m */ = {isa = PBXFileReference; lastKnownFileType = sourcecode.c.objc; path = AppDelegate.m; sourceTree = "<group>"; };
		D9E771B81A93D836003BE628 /* ViewController.h */ = {isa = PBXFileReference; lastKnownFileType = sourcecode.c.h; path = ViewController.h; sourceTree = "<group>"; };
		D9E771B91A93D836003BE628 /* ViewController.m */ = {isa = PBXFileReference; lastKnownFileType = sourcecode.c.objc; path = ViewController.m; sourceTree = "<group>"; };
		D9E771BC1A93D836003BE628 /* Base */ = {isa = PBXFileReference; lastKnownFileType = file.storyboard; name = Base; path = Base.lproj/Main.storyboard; sourceTree = "<group>"; };
		D9E771BE1A93D836003BE628 /* Images.xcassets */ = {isa = PBXFileReference; lastKnownFileType = folder.assetcatalog; path = Images.xcassets; sourceTree = "<group>"; };
		D9E771C11A93D836003BE628 /* Base */ = {isa = PBXFileReference; lastKnownFileType = file.xib; name = Base; path = Base.lproj/LaunchScreen.xib; sourceTree = "<group>"; };
		D9E771C71A93D836003BE628 /* practiceTests.xctest */ = {isa = PBXFileReference; explicitFileType = wrapper.cfbundle; includeInIndex = 0; path = practiceTests.xctest; sourceTree = BUILT_PRODUCTS_DIR; };
		D9E771CC1A93D836003BE628 /* Info.plist */ = {isa = PBXFileReference; lastKnownFileType = text.plist.xml; path = Info.plist; sourceTree = "<group>"; };
		D9E771CD1A93D836003BE628 /* practiceTests.m */ = {isa = PBXFileReference; lastKnownFileType = sourcecode.c.objc; path = practiceTests.m; sourceTree = "<group>"; };
/* End PBXFileReference section */

/* Begin PBXFrameworksBuildPhase section */
		D9E771AB1A93D836003BE628 /* Frameworks */ = {
			isa = PBXFrameworksBuildPhase;
			buildActionMask = 2147483647;
			files = (
			);
			runOnlyForDeploymentPostprocessing = 0;
		};
		D9E771C41A93D836003BE628 /* Frameworks */ = {
			isa = PBXFrameworksBuildPhase;
			buildActionMask = 2147483647;
			files = (
			);
			runOnlyForDeploymentPostprocessing = 0;
		};
/* End PBXFrameworksBuildPhase section */

/* Begin PBXGroup section */
		D9E771A51A93D836003BE628 = {
			isa = PBXGroup;
			children = (
				D9E771B01A93D836003BE628 /* practice */,
				D9E771CA1A93D836003BE628 /* practiceTests */,
				D9E771AF1A93D836003BE628 /* Products */,
			);
			sourceTree = "<group>";
		};
		D9E771AF1A93D836003BE628 /* Products */ = {
			isa = PBXGroup;
			children = (
				D9E771AE1A93D836003BE628 /* practice.app */,
				D9E771C71A93D836003BE628 /* practiceTests.xctest */,
			);
			name = Products;
			sourceTree = "<group>";
		};
		D9E771B01A93D836003BE628 /* practice */ = {
			isa = PBXGroup;
			children = (
				D9E771B51A93D836003BE628 /* AppDelegate.h */,
				D9E771B61A93D836003BE628 /* AppDelegate.m */,
				D9E771B81A93D836003BE628 /* ViewController.h */,
				D9E771B91A93D836003BE628 /* ViewController.m */,
				D9E771BB1A93D836003BE628 /* Main.storyboard */,
				D9E771BE1A93D836003BE628 /* Images.xcassets */,
				D9E771C01A93D836003BE628 /* LaunchScreen.xib */,
				D9E771B11A93D836003BE628 /* Supporting Files */,
			);
			path = practice;
			sourceTree = "<group>";
		};
		D9E771B11A93D836003BE628 /* Supporting Files */ = {
			isa = PBXGroup;
			children = (
				D9E771B21A93D836003BE628 /* Info.plist */,
				D9E771B31A93D836003BE628 /* main.m */,
			);
			name = "Supporting Files";
			sourceTree = "<group>";
		};
		D9E771CA1A93D836003BE628 /* practiceTests */ = {
			isa = PBXGroup;
			children = (
				D9E771CD1A93D836003BE628 /* practiceTests.m */,
				D9E771CB1A93D836003BE628 /* Supporting Files */,
			);
			path = practiceTests;
			sourceTree = "<group>";
		};
		D9E771CB1A93D836003BE628 /* Supporting Files */ = {
			isa = PBXGroup;
			children = (
				D9E771CC1A93D836003BE628 /* Info.plist */,
			);
			name = "Supporting Files";
			sourceTree = "<group>";
		};
/* End PBXGroup section */

/* Begin PBXNativeTarget section */
		D9E771AD1A93D836003BE628 /* practice */ = {
			isa = PBXNativeTarget;
			buildConfigurationList = D9E771D11A93D836003BE628 /* Build configuration list for PBXNativeTarget "practice" */;
			buildPhases = (
				D9E771AA1A93D836003BE628 /* Sources */,
				D9E771AB1A93D836003BE628 /* Frameworks */,
				D9E771AC1A93D836003BE628 /* Resources */,
			);
			buildRules = (
			);
			dependencies = (
			);
			name = practice;
			productName = practice;
			productReference = D9E771AE1A93D836003BE628 /* practice.app */;
			productType = "com.apple.product-type.application";
		};
		D9E771C61A93D836003BE628 /* practiceTests */ = {
			isa = PBXNativeTarget;
			buildConfigurationList = D9E771D41A93D836003BE628 /* Build configuration list for PBXNativeTarget "practiceTests" */;
			buildPhases = (
				D9E771C31A93D836003BE628 /* Sources */,
				D9E771C41A93D836003BE628 /* Frameworks */,
				D9E771C51A93D836003BE628 /* Resources */,
			);
			buildRules = (
			);
			dependencies = (
				D9E771C91A93D836003BE628 /* PBXTargetDependency */,
			);
			name = practiceTests;
			productName = practiceTests;
			productReference = D9E771C71A93D836003BE628 /* practiceTests.xctest */;
			productType = "com.apple.product-type.bundle.unit-test";
		};
/* End PBXNativeTarget section */

/* Begin PBXProject section */
		D9E771A61A93D836003BE628 /* Project object */ = {
			isa = PBXProject;
			attributes = {
				LastUpgradeCheck = 0610;
				ORGANIZATIONNAME = "Terry Bu";
				TargetAttributes = {
					D9E771AD1A93D836003BE628 = {
						CreatedOnToolsVersion = 6.1.1;
					};
					D9E771C61A93D836003BE628 = {
						CreatedOnToolsVersion = 6.1.1;
						TestTargetID = D9E771AD1A93D836003BE628;
					};
				};
			};
			buildConfigurationList = D9E771A91A93D836003BE628 /* Build configuration list for PBXProject "practice" */;
			compatibilityVersion = "Xcode 3.2";
			developmentRegion = English;
			hasScannedForEncodings = 0;
			knownRegions = (
				en,
				Base,
			);
			mainGroup = D9E771A51A93D836003BE628;
			productRefGroup = D9E771AF1A93D836003BE628 /* Products */;
			projectDirPath = "";
			projectRoot = "";
			targets = (
				D9E771AD1A93D836003BE628 /* practice */,
				D9E771C61A93D836003BE628 /* practiceTests */,
			);
		};
/* End PBXProject section */

/* Begin PBXResourcesBuildPhase section */
		D9E771AC1A93D836003BE628 /* Resources */ = {
			isa = PBXResourcesBuildPhase;
			buildActionMask = 2147483647;
			files = (
				D9E771BD1A93D836003BE628 /* Main.storyboard in Resources */,
				D9E771C21A93D836003BE628 /* LaunchScreen.xib in Resources */,
				D9E771BF1A93D836003BE628 /* Images.xcassets in Resources */,
			);
			runOnlyForDeploymentPostprocessing = 0;
		};
		D9E771C51A93D836003BE628 /* Resources */ = {
			isa = PBXResourcesBuildPhase;
			buildActionMask = 2147483647;
			files = (
			);
			runOnlyForDeploymentPostprocessing = 0;
		};
/* End PBXResourcesBuildPhase section */

/* Begin PBXSourcesBuildPhase section */
		D9E771AA1A93D836003BE628 /* Sources */ = {
			isa = PBXSourcesBuildPhase;
			buildActionMask = 2147483647;
			files = (
				D9E771BA1A93D836003BE628 /* ViewController.m in Sources */,
				D9E771B71A93D836003BE628 /* AppDelegate.m in Sources */,
				D9E771B41A93D836003BE628 /* main.m in Sources */,
			);
			runOnlyForDeploymentPostprocessing = 0;
		};
		D9E771C31A93D836003BE628 /* Sources */ = {
			isa = PBXSourcesBuildPhase;
			buildActionMask = 2147483647;
			files = (
				D9E771CE1A93D836003BE628 /* practiceTests.m in Sources */,
			);
			runOnlyForDeploymentPostprocessing = 0;
		};
/* End PBXSourcesBuildPhase section */

/* Begin PBXTargetDependency section */
		D9E771C91A93D836003BE628 /* PBXTargetDependency */ = {
			isa = PBXTargetDependency;
			target = D9E771AD1A93D836003BE628 /* practice */;
			targetProxy = D9E771C81A93D836003BE628 /* PBXContainerItemProxy */;
		};
/* End PBXTargetDependency section */

/* Begin PBXVariantGroup section */
		D9E771BB1A93D836003BE628 /* Main.storyboard */ = {
			isa = PBXVariantGroup;
			children = (
				D9E771BC1A93D836003BE628 /* Base */,
			);
			name = Main.storyboard;
			sourceTree = "<group>";
		};
		D9E771C01A93D836003BE628 /* LaunchScreen.xib */ = {
			isa = PBXVariantGroup;
			children = (
				D9E771C11A93D836003BE628 /* Base */,
			);
			name = LaunchScreen.xib;
			sourceTree = "<group>";
		};
/* End PBXVariantGroup section */

/* Begin XCBuildConfiguration section */
		D9E771CF1A93D836003BE628 /* Debug */ = {
			isa = XCBuildConfiguration;
			buildSettings = {
				ALWAYS_SEARCH_USER_PATHS = NO;
				CLANG_CXX_LANGUAGE_STANDARD = "gnu++0x";
				CLANG_CXX_LIBRARY = "libc++";
				CLANG_ENABLE_MODULES = YES;
				CLANG_ENABLE_OBJC_ARC = YES;
				CLANG_WARN_BOOL_CONVERSION = YES;
				CLANG_WARN_CONSTANT_CONVERSION = YES;
				CLANG_WARN_DIRECT_OBJC_ISA_USAGE = YES_ERROR;
				CLANG_WARN_EMPTY_BODY = YES;
				CLANG_WARN_ENUM_CONVERSION = YES;
				CLANG_WARN_INT_CONVERSION = YES;
				CLANG_WARN_OBJC_ROOT_CLASS = YES_ERROR;
				CLANG_WARN_UNREACHABLE_CODE = YES;
				CLANG_WARN__DUPLICATE_METHOD_MATCH = YES;
				"CODE_SIGN_IDENTITY[sdk=iphoneos*]" = "iPhone Developer";
				COPY_PHASE_STRIP = NO;
				ENABLE_STRICT_OBJC_MSGSEND = YES;
				GCC_C_LANGUAGE_STANDARD = gnu99;
				GCC_DYNAMIC_NO_PIC = NO;
				GCC_OPTIMIZATION_LEVEL = 0;
				GCC_PREPROCESSOR_DEFINITIONS = (
					"DEBUG=1",
					"$(inherited)",
				);
				GCC_SYMBOLS_PRIVATE_EXTERN = NO;
				GCC_WARN_64_TO_32_BIT_CONVERSION = YES;
				GCC_WARN_ABOUT_RETURN_TYPE = YES_ERROR;
				GCC_WARN_UNDECLARED_SELECTOR = YES;
				GCC_WARN_UNINITIALIZED_AUTOS = YES_AGGRESSIVE;
				GCC_WARN_UNUSED_FUNCTION = YES;
				GCC_WARN_UNUSED_VARIABLE = YES;
				IPHONEOS_DEPLOYMENT_TARGET = 8.1;
				MTL_ENABLE_DEBUG_INFO = YES;
				ONLY_ACTIVE_ARCH = YES;
				SDKROOT = iphoneos;
				TARGETED_DEVICE_FAMILY = "1,2";
			};
			name = Debug;
		};
		D9E771D01A93D836003BE628 /* Release */ = {
			isa = XCBuildConfiguration;
			buildSettings = {
				ALWAYS_SEARCH_USER_PATHS = NO;
				CLANG_CXX_LANGUAGE_STANDARD = "gnu++0x";
				CLANG_CXX_LIBRARY = "libc++";
				CLANG_ENABLE_MODULES = YES;
				CLANG_ENABLE_OBJC_ARC = YES;
				CLANG_WARN_BOOL_CONVERSION = YES;
				CLANG_WARN_CONSTANT_CONVERSION = YES;
				CLANG_WARN_DIRECT_OBJC_ISA_USAGE = YES_ERROR;
				CLANG_WARN_EMPTY_BODY = YES;
				CLANG_WARN_ENUM_CONVERSION = YES;
				CLANG_WARN_INT_CONVERSION = YES;
				CLANG_WARN_OBJC_ROOT_CLASS = YES_ERROR;
				CLANG_WARN_UNREACHABLE_CODE = YES;
				CLANG_WARN__DUPLICATE_METHOD_MATCH = YES;
				"CODE_SIGN_IDENTITY[sdk=iphoneos*]" = "iPhone Developer";
				COPY_PHASE_STRIP = YES;
				ENABLE_NS_ASSERTIONS = NO;
				ENABLE_STRICT_OBJC_MSGSEND = YES;
				GCC_C_LANGUAGE_STANDARD = gnu99;
				GCC_WARN_64_TO_32_BIT_CONVERSION = YES;
				GCC_WARN_ABOUT_RETURN_TYPE = YES_ERROR;
				GCC_WARN_UNDECLARED_SELECTOR = YES;
				GCC_WARN_UNINITIALIZED_AUTOS = YES_AGGRESSIVE;
				GCC_WARN_UNUSED_FUNCTION = YES;
				GCC_WARN_UNUSED_VARIABLE = YES;
				IPHONEOS_DEPLOYMENT_TARGET = 8.1;
				MTL_ENABLE_DEBUG_INFO = NO;
				SDKROOT = iphoneos;
				TARGETED_DEVICE_FAMILY = "1,2";
				VALIDATE_PRODUCT = YES;
			};
			name = Release;
		};
		D9E771D21A93D836003BE628 /* Debug */ = {
			isa = XCBuildConfiguration;
			buildSettings = {
				ASSETCATALOG_COMPILER_APPICON_NAME = AppIcon;
				INFOPLIST_FILE = practice/Info.plist;
				LD_RUNPATH_SEARCH_PATHS = "$(inherited) @executable_path/Frameworks";
				PRODUCT_NAME = "$(TARGET_NAME)";
			};
			name = Debug;
		};
		D9E771D31A93D836003BE628 /* Release */ = {
			isa = XCBuildConfiguration;
			buildSettings = {
				ASSETCATALOG_COMPILER_APPICON_NAME = AppIcon;
				INFOPLIST_FILE = practice/Info.plist;
				LD_RUNPATH_SEARCH_PATHS = "$(inherited) @executable_path/Frameworks";
				PRODUCT_NAME = "$(TARGET_NAME)";
			};
			name = Release;
		};
		D9E771D51A93D836003BE628 /* Debug */ = {
			isa = XCBuildConfiguration;
			buildSettings = {
				BUNDLE_LOADER = "$(TEST_HOST)";
				FRAMEWORK_SEARCH_PATHS = (
					"$(SDKROOT)/Developer/Library/Frameworks",
					"$(inherited)",
				);
				GCC_PREPROCESSOR_DEFINITIONS = (
					"DEBUG=1",
					"$(inherited)",
				);
				INFOPLIST_FILE = practiceTests/Info.plist;
				LD_RUNPATH_SEARCH_PATHS = "$(inherited) @executable_path/Frameworks @loader_path/Frameworks";
				PRODUCT_NAME = "$(TARGET_NAME)";
				TEST_HOST = "$(BUILT_PRODUCTS_DIR)/practice.app/practice";
			};
			name = Debug;
		};
		D9E771D61A93D836003BE628 /* Release */ = {
			isa = XCBuildConfiguration;
			buildSettings = {
				BUNDLE_LOADER = "$(TEST_HOST)";
				FRAMEWORK_SEARCH_PATHS = (
					"$(SDKROOT)/Developer/Library/Frameworks",
					"$(inherited)",
				);
				INFOPLIST_FILE = practiceTests/Info.plist;
				LD_RUNPATH_SEARCH_PATHS = "$(inherited) @executable_path/Frameworks @loader_path/Frameworks";
				PRODUCT_NAME = "$(TARGET_NAME)";
				TEST_HOST = "$(BUILT_PRODUCTS_DIR)/practice.app/practice";
			};
			name = Release;
		};
/* End XCBuildConfiguration section */

/* Begin XCConfigurationList section */
		D9E771A91A93D836003BE628 /* Build configuration list for PBXProject "practice" */ = {
			isa = XCConfigurationList;
			buildConfigurations = (
				D9E771CF1A93D836003BE628 /* Debug */,
				D9E771D01A93D836003BE628 /* Release */,
			);
			defaultConfigurationIsVisible = 0;
			defaultConfigurationName = Release;
		};
		D9E771D11A93D836003BE628 /* Build configuration list for PBXNativeTarget "practice" */ = {
			isa = XCConfigurationList;
			buildConfigurations = (
				D9E771D21A93D836003BE628 /* Debug */,
				D9E771D31A93D836003BE628 /* Release */,
			);
			defaultConfigurationIsVisible = 0;
		};
		D9E771D41A93D836003BE628 /* Build configuration list for PBXNativeTarget "practiceTests" */ = {
			isa = XCConfigurationList;
			buildConfigurations = (
				D9E771D51A93D836003BE628 /* Debug */,
				D9E771D61A93D836003BE628 /* Release */,
			);
			defaultConfigurationIsVisible = 0;
		};
/* End XCConfigurationList section */
	};
	rootObject = D9E771A61A93D836003BE628 /* Project object */;
}
